
Microsoft Visual Studio Solution File, Format Version 12.00
# Visual Studio Version 17
VisualStudioVersion = 17.8.34322.80
MinimumVisualStudioVersion = 10.0.40219.1
Project("{9A19103F-16F7-4668-BE54-9A1E7A4F7556}") = "webjobs", "webjobs.csproj", "{7E99A530-E882-414C-9B88-61BF14E36BC0}"
EndProject
Global
	GlobalSection(SolutionConfigurationPlatforms) = preSolution
		Debug|Any CPU = Debug|Any CPU
		Release|Any CPU = Release|Any CPU
	EndGlobalSection
	GlobalSection(ProjectConfigurationPlatforms) = postSolution
		{7E99A530-E882-414C-9B88-61BF14E36BC0}.Debug|Any CPU.ActiveCfg = Debug|Any CPU
		{7E99A530-E882-414C-9B88-61BF14E36BC0}.Debug|Any CPU.Build.0 = Debug|Any CPU
		{7E99A530-E882-414C-9B88-61BF14E36BC0}.Release|Any CPU.ActiveCfg = Release|Any CPU
		{7E99A530-E882-414C-9B88-61BF14E36BC0}.Release|Any CPU.Build.0 = Release|Any CPU
	EndGlobalSection
	GlobalSection(SolutionProperties) = preSolution
		HideSolutionNode = FALSE
	EndGlobalSection
	GlobalSection(ExtensibilityGlobals) = postSolution
		SolutionGuid = {0F29577A-D6D1-47A7-93D2-132F3A72F196}
	EndGlobalSection
EndGlobal
